
Microsoft Visual Studio Solution File, Format Version 12.00
# Visual Studio Version 17
VisualStudioVersion = 17.11.35312.102
MinimumVisualStudioVersion = 10.0.40219.1
Project("{FAE04EC0-301F-11D3-BF4B-00C04F79EFBC}") = "Csharp", "Csharp\Csharp.csproj", "{0BCD0CB4-A3E8-4053-B1D3-09F26526A202}"
EndProject
Project("{FAE04EC0-301F-11D3-BF4B-00C04F79EFBC}") = "基础数据类型", "基础数据类型\基础数据类型.csproj", "{D88F7823-04C1-44B0-85E7-4B8139456532}"
EndProject
Global
	GlobalSection(SolutionConfigurationPlatforms) = preSolution
		Debug|Any CPU = Debug|Any CPU
		Release|Any CPU = Release|Any CPU
	EndGlobalSection
	GlobalSection(ProjectConfigurationPlatforms) = postSolution
		{0BCD0CB4-A3E8-4053-B1D3-09F26526A202}.Debug|Any CPU.ActiveCfg = Debug|Any CPU
		{0BCD0CB4-A3E8-4053-B1D3-09F26526A202}.Debug|Any CPU.Build.0 = Debug|Any CPU
		{0BCD0CB4-A3E8-4053-B1D3-09F26526A202}.Release|Any CPU.ActiveCfg = Release|Any CPU
		{0BCD0CB4-A3E8-4053-B1D3-09F26526A202}.Release|Any CPU.Build.0 = Release|Any CPU
		{D88F7823-04C1-44B0-85E7-4B8139456532}.Debug|Any CPU.ActiveCfg = Debug|Any CPU
		{D88F7823-04C1-44B0-85E7-4B8139456532}.Debug|Any CPU.Build.0 = Debug|Any CPU
		{D88F7823-04C1-44B0-85E7-4B8139456532}.Release|Any CPU.ActiveCfg = Release|Any CPU
		{D88F7823-04C1-44B0-85E7-4B8139456532}.Release|Any CPU.Build.0 = Release|Any CPU
	EndGlobalSection
	GlobalSection(SolutionProperties) = preSolution
		HideSolutionNode = FALSE
	EndGlobalSection
	GlobalSection(ExtensibilityGlobals) = postSolution
		SolutionGuid = {F2DC64DF-F0BB-4CEA-AFF6-11F65D49A937}
	EndGlobalSection
EndGlobal
